
Microsoft Visual Studio Solution File, Format Version 12.00
# Visual Studio Version 16
VisualStudioVersion = 16.0.30225.117
MinimumVisualStudioVersion = 10.0.40219.1
Project("{9A19103F-16F7-4668-BE54-9A1E7A4F7556}") = "OdeToFood", "OdeToFood\OdeToFood.csproj", "{B9F8FB80-2D7B-4B89-B3CF-17EBCDFD8E92}"
EndProject
Project("{9A19103F-16F7-4668-BE54-9A1E7A4F7556}") = "OdeToFood.Core", "OdeToFood.Core\OdeToFood.Core.csproj", "{EE806444-9C5B-4C97-82B1-91AC1149308C}"
EndProject
Project("{9A19103F-16F7-4668-BE54-9A1E7A4F7556}") = "OdeToFood.Data", "OdeToFood.Data\OdeToFood.Data.csproj", "{F21F0382-6149-4F39-8E78-732C9B7B51E7}"
EndProject
Project("{2150E333-8FDC-42A3-9474-1A3956D46DE8}") = "Solution Items", "Solution Items", "{C30D0A99-5E11-4CA1-96D2-B219F6E7CF15}"
	ProjectSection(SolutionItems) = preProject
		.editorconfig = .editorconfig
	EndProjectSection
EndProject
Global
	GlobalSection(SolutionConfigurationPlatforms) = preSolution
		Debug|Any CPU = Debug|Any CPU
		Release|Any CPU = Release|Any CPU
	EndGlobalSection
	GlobalSection(ProjectConfigurationPlatforms) = postSolution
		{B9F8FB80-2D7B-4B89-B3CF-17EBCDFD8E92}.Debug|Any CPU.ActiveCfg = Debug|Any CPU
		{B9F8FB80-2D7B-4B89-B3CF-17EBCDFD8E92}.Debug|Any CPU.Build.0 = Debug|Any CPU
		{B9F8FB80-2D7B-4B89-B3CF-17EBCDFD8E92}.Release|Any CPU.ActiveCfg = Release|Any CPU
		{B9F8FB80-2D7B-4B89-B3CF-17EBCDFD8E92}.Release|Any CPU.Build.0 = Release|Any CPU
		{EE806444-9C5B-4C97-82B1-91AC1149308C}.Debug|Any CPU.ActiveCfg = Debug|Any CPU
		{EE806444-9C5B-4C97-82B1-91AC1149308C}.Debug|Any CPU.Build.0 = Debug|Any CPU
		{EE806444-9C5B-4C97-82B1-91AC1149308C}.Release|Any CPU.ActiveCfg = Release|Any CPU
		{EE806444-9C5B-4C97-82B1-91AC1149308C}.Release|Any CPU.Build.0 = Release|Any CPU
		{F21F0382-6149-4F39-8E78-732C9B7B51E7}.Debug|Any CPU.ActiveCfg = Debug|Any CPU
		{F21F0382-6149-4F39-8E78-732C9B7B51E7}.Debug|Any CPU.Build.0 = Debug|Any CPU
		{F21F0382-6149-4F39-8E78-732C9B7B51E7}.Release|Any CPU.ActiveCfg = Release|Any CPU
		{F21F0382-6149-4F39-8E78-732C9B7B51E7}.Release|Any CPU.Build.0 = Release|Any CPU
	EndGlobalSection
	GlobalSection(SolutionProperties) = preSolution
		HideSolutionNode = FALSE
	EndGlobalSection
	GlobalSection(ExtensibilityGlobals) = postSolution
		SolutionGuid = {F9FD34F2-CB81-4C7C-9A7A-4320033638AC}
	EndGlobalSection
EndGlobal
